
Microsoft Visual Studio Solution File, Format Version 12.00
# Visual Studio Version 17
VisualStudioVersion = 17.4.33122.133
MinimumVisualStudioVersion = 10.0.40219.1
Project("{FAE04EC0-301F-11D3-BF4B-00C04F79EFBC}") = "SchoolmanagementSystem", "SchoolmanagementSystem\SchoolmanagementSystem.csproj", "{D09A4ED5-423C-4738-8F33-CEE7AE4C56D6}"
EndProject
Global
	GlobalSection(SolutionConfigurationPlatforms) = preSolution
		Debug|Any CPU = Debug|Any CPU
		Release|Any CPU = Release|Any CPU
	EndGlobalSection
	GlobalSection(ProjectConfigurationPlatforms) = postSolution
		{D09A4ED5-423C-4738-8F33-CEE7AE4C56D6}.Debug|Any CPU.ActiveCfg = Debug|Any CPU
		{D09A4ED5-423C-4738-8F33-CEE7AE4C56D6}.Debug|Any CPU.Build.0 = Debug|Any CPU
		{D09A4ED5-423C-4738-8F33-CEE7AE4C56D6}.Release|Any CPU.ActiveCfg = Release|Any CPU
		{D09A4ED5-423C-4738-8F33-CEE7AE4C56D6}.Release|Any CPU.Build.0 = Release|Any CPU
	EndGlobalSection
	GlobalSection(SolutionProperties) = preSolution
		HideSolutionNode = FALSE
	EndGlobalSection
	GlobalSection(ExtensibilityGlobals) = postSolution
		SolutionGuid = {498BD2B1-35C3-459A-A4A8-A38A1E8D6F3A}
	EndGlobalSection
EndGlobal
